
Microsoft Visual Studio Solution File, Format Version 11.00
# Visual Studio 2010
Project("{FAE04EC0-301F-11D3-BF4B-00C04F79EFBC}") = "Assembly-CSharp", "Assembly-CSharp.csproj", "{953DE6D6-A98A-6E4E-06ED-B5FFED00F501}"
EndProject
Project("{FAE04EC0-301F-11D3-BF4B-00C04F79EFBC}") = "Assembly-CSharp-firstpass", "Assembly-CSharp-firstpass.csproj", "{73D98421-87E3-42F6-B120-FB6F3FF3A8F9}"
EndProject
Global
	GlobalSection(SolutionConfigurationPlatforms) = preSolution
		Debug|Any CPU = Debug|Any CPU
		Release|Any CPU = Release|Any CPU
	EndGlobalSection
	GlobalSection(ProjectConfigurationPlatforms) = postSolution
		{953DE6D6-A98A-6E4E-06ED-B5FFED00F501}.Debug|Any CPU.ActiveCfg = Debug|Any CPU
		{953DE6D6-A98A-6E4E-06ED-B5FFED00F501}.Debug|Any CPU.Build.0 = Debug|Any CPU
		{953DE6D6-A98A-6E4E-06ED-B5FFED00F501}.Release|Any CPU.ActiveCfg = Release|Any CPU
		{953DE6D6-A98A-6E4E-06ED-B5FFED00F501}.Release|Any CPU.Build.0 = Release|Any CPU
		{73D98421-87E3-42F6-B120-FB6F3FF3A8F9}.Debug|Any CPU.ActiveCfg = Debug|Any CPU
		{73D98421-87E3-42F6-B120-FB6F3FF3A8F9}.Debug|Any CPU.Build.0 = Debug|Any CPU
		{73D98421-87E3-42F6-B120-FB6F3FF3A8F9}.Release|Any CPU.ActiveCfg = Release|Any CPU
		{73D98421-87E3-42F6-B120-FB6F3FF3A8F9}.Release|Any CPU.Build.0 = Release|Any CPU
	EndGlobalSection
	GlobalSection(SolutionProperties) = preSolution
		HideSolutionNode = FALSE
	EndGlobalSection
EndGlobal
